
Microsoft Visual Studio Solution File, Format Version 12.00
# Visual Studio 15
VisualStudioVersion = 15.0.27130.2027
MinimumVisualStudioVersion = 10.0.40219.1
Project("{FAE04EC0-301F-11D3-BF4B-00C04F79EFBC}") = "ClientApp.Android", "ClientApp\ClientApp.Android\ClientApp.Android.csproj", "{58D0663C-F57C-472F-B0B2-C46657D14BCF}"
EndProject
Project("{FAE04EC0-301F-11D3-BF4B-00C04F79EFBC}") = "ClientApp.iOS", "ClientApp\ClientApp.iOS\ClientApp.iOS.csproj", "{6E36E45C-ABAB-42E0-A6AF-E3C92B934D62}"
EndProject
Project("{FAE04EC0-301F-11D3-BF4B-00C04F79EFBC}") = "ClientApp", "ClientApp\ClientApp\ClientApp.csproj", "{83BFB549-2AF4-40AD-9ABD-16E27DE743B7}"
EndProject
Global
	GlobalSection(SolutionConfigurationPlatforms) = preSolution
		Ad-Hoc|Any CPU = Ad-Hoc|Any CPU
		Ad-Hoc|iPhone = Ad-Hoc|iPhone
		Ad-Hoc|iPhoneSimulator = Ad-Hoc|iPhoneSimulator
		AppStore|Any CPU = AppStore|Any CPU
		AppStore|iPhone = AppStore|iPhone
		AppStore|iPhoneSimulator = AppStore|iPhoneSimulator
		Debug|Any CPU = Debug|Any CPU
		Debug|iPhone = Debug|iPhone
		Debug|iPhoneSimulator = Debug|iPhoneSimulator
		Release|Any CPU = Release|Any CPU
		Release|iPhone = Release|iPhone
		Release|iPhoneSimulator = Release|iPhoneSimulator
	EndGlobalSection
	GlobalSection(ProjectConfigurationPlatforms) = postSolution
		{58D0663C-F57C-472F-B0B2-C46657D14BCF}.Ad-Hoc|Any CPU.ActiveCfg = Release|Any CPU
		{58D0663C-F57C-472F-B0B2-C46657D14BCF}.Ad-Hoc|Any CPU.Build.0 = Release|Any CPU
		{58D0663C-F57C-472F-B0B2-C46657D14BCF}.Ad-Hoc|Any CPU.Deploy.0 = Release|Any CPU
		{58D0663C-F57C-472F-B0B2-C46657D14BCF}.Ad-Hoc|iPhone.ActiveCfg = Release|Any CPU
		{58D0663C-F57C-472F-B0B2-C46657D14BCF}.Ad-Hoc|iPhone.Build.0 = Release|Any CPU
		{58D0663C-F57C-472F-B0B2-C46657D14BCF}.Ad-Hoc|iPhone.Deploy.0 = Release|Any CPU
		{58D0663C-F57C-472F-B0B2-C46657D14BCF}.Ad-Hoc|iPhoneSimulator.ActiveCfg = Release|Any CPU
		{58D0663C-F57C-472F-B0B2-C46657D14BCF}.Ad-Hoc|iPhoneSimulator.Build.0 = Release|Any CPU
		{58D0663C-F57C-472F-B0B2-C46657D14BCF}.Ad-Hoc|iPhoneSimulator.Deploy.0 = Release|Any CPU
		{58D0663C-F57C-472F-B0B2-C46657D14BCF}.AppStore|Any CPU.ActiveCfg = Release|Any CPU
		{58D0663C-F57C-472F-B0B2-C46657D14BCF}.AppStore|Any CPU.Build.0 = Release|Any CPU
		{58D0663C-F57C-472F-B0B2-C46657D14BCF}.AppStore|Any CPU.Deploy.0 = Release|Any CPU
		{58D0663C-F57C-472F-B0B2-C46657D14BCF}.AppStore|iPhone.ActiveCfg = Release|Any CPU
		{58D0663C-F57C-472F-B0B2-C46657D14BCF}.AppStore|iPhone.Build.0 = Release|Any CPU
		{58D0663C-F57C-472F-B0B2-C46657D14BCF}.AppStore|iPhone.Deploy.0 = Release|Any CPU
		{58D0663C-F57C-472F-B0B2-C46657D14BCF}.AppStore|iPhoneSimulator.ActiveCfg = Release|Any CPU
		{58D0663C-F57C-472F-B0B2-C46657D14BCF}.AppStore|iPhoneSimulator.Build.0 = Release|Any CPU
		{58D0663C-F57C-472F-B0B2-C46657D14BCF}.AppStore|iPhoneSimulator.Deploy.0 = Release|Any CPU
		{58D0663C-F57C-472F-B0B2-C46657D14BCF}.Debug|Any CPU.ActiveCfg = Debug|Any CPU
		{58D0663C-F57C-472F-B0B2-C46657D14BCF}.Debug|Any CPU.Build.0 = Debug|Any CPU
		{58D0663C-F57C-472F-B0B2-C46657D14BCF}.Debug|Any CPU.Deploy.0 = Debug|Any CPU
		{58D0663C-F57C-472F-B0B2-C46657D14BCF}.Debug|iPhone.ActiveCfg = Debug|Any CPU
		{58D0663C-F57C-472F-B0B2-C46657D14BCF}.Debug|iPhone.Build.0 = Debug|Any CPU
		{58D0663C-F57C-472F-B0B2-C46657D14BCF}.Debug|iPhone.Deploy.0 = Debug|Any CPU
		{58D0663C-F57C-472F-B0B2-C46657D14BCF}.Debug|iPhoneSimulator.ActiveCfg = Debug|Any CPU
		{58D0663C-F57C-472F-B0B2-C46657D14BCF}.Debug|iPhoneSimulator.Build.0 = Debug|Any CPU
		{58D0663C-F57C-472F-B0B2-C46657D14BCF}.Debug|iPhoneSimulator.Deploy.0 = Debug|Any CPU
		{58D0663C-F57C-472F-B0B2-C46657D14BCF}.Release|Any CPU.ActiveCfg = Release|Any CPU
		{58D0663C-F57C-472F-B0B2-C46657D14BCF}.Release|Any CPU.Build.0 = Release|Any CPU
		{58D0663C-F57C-472F-B0B2-C46657D14BCF}.Release|Any CPU.Deploy.0 = Release|Any CPU
		{58D0663C-F57C-472F-B0B2-C46657D14BCF}.Release|iPhone.ActiveCfg = Release|Any CPU
		{58D0663C-F57C-472F-B0B2-C46657D14BCF}.Release|iPhone.Build.0 = Release|Any CPU
		{58D0663C-F57C-472F-B0B2-C46657D14BCF}.Release|iPhone.Deploy.0 = Release|Any CPU
		{58D0663C-F57C-472F-B0B2-C46657D14BCF}.Release|iPhoneSimulator.ActiveCfg = Release|Any CPU
		{58D0663C-F57C-472F-B0B2-C46657D14BCF}.Release|iPhoneSimulator.Build.0 = Release|Any CPU
		{58D0663C-F57C-472F-B0B2-C46657D14BCF}.Release|iPhoneSimulator.Deploy.0 = Release|Any CPU
		{6E36E45C-ABAB-42E0-A6AF-E3C92B934D62}.Ad-Hoc|Any CPU.ActiveCfg = Ad-Hoc|iPhone
		{6E36E45C-ABAB-42E0-A6AF-E3C92B934D62}.Ad-Hoc|iPhone.ActiveCfg = Ad-Hoc|iPhone
		{6E36E45C-ABAB-42E0-A6AF-E3C92B934D62}.Ad-Hoc|iPhone.Build.0 = Ad-Hoc|iPhone
		{6E36E45C-ABAB-42E0-A6AF-E3C92B934D62}.Ad-Hoc|iPhoneSimulator.ActiveCfg = Ad-Hoc|iPhoneSimulator
		{6E36E45C-ABAB-42E0-A6AF-E3C92B934D62}.Ad-Hoc|iPhoneSimulator.Build.0 = Ad-Hoc|iPhoneSimulator
		{6E36E45C-ABAB-42E0-A6AF-E3C92B934D62}.AppStore|Any CPU.ActiveCfg = AppStore|iPhone
		{6E36E45C-ABAB-42E0-A6AF-E3C92B934D62}.AppStore|iPhone.ActiveCfg = AppStore|iPhone
		{6E36E45C-ABAB-42E0-A6AF-E3C92B934D62}.AppStore|iPhone.Build.0 = AppStore|iPhone
		{6E36E45C-ABAB-42E0-A6AF-E3C92B934D62}.AppStore|iPhoneSimulator.ActiveCfg = AppStore|iPhoneSimulator
		{6E36E45C-ABAB-42E0-A6AF-E3C92B934D62}.AppStore|iPhoneSimulator.Build.0 = AppStore|iPhoneSimulator
		{6E36E45C-ABAB-42E0-A6AF-E3C92B934D62}.Debug|Any CPU.ActiveCfg = Debug|iPhone
		{6E36E45C-ABAB-42E0-A6AF-E3C92B934D62}.Debug|iPhone.ActiveCfg = Debug|iPhone
		{6E36E45C-ABAB-42E0-A6AF-E3C92B934D62}.Debug|iPhone.Build.0 = Debug|iPhone
		{6E36E45C-ABAB-42E0-A6AF-E3C92B934D62}.Debug|iPhoneSimulator.ActiveCfg = Debug|iPhoneSimulator
		{6E36E45C-ABAB-42E0-A6AF-E3C92B934D62}.Debug|iPhoneSimulator.Build.0 = Debug|iPhoneSimulator
		{6E36E45C-ABAB-42E0-A6AF-E3C92B934D62}.Release|Any CPU.ActiveCfg = Release|iPhone
		{6E36E45C-ABAB-42E0-A6AF-E3C92B934D62}.Release|iPhone.ActiveCfg = Release|iPhone
		{6E36E45C-ABAB-42E0-A6AF-E3C92B934D62}.Release|iPhone.Build.0 = Release|iPhone
		{6E36E45C-ABAB-42E0-A6AF-E3C92B934D62}.Release|iPhoneSimulator.ActiveCfg = Release|iPhoneSimulator
		{6E36E45C-ABAB-42E0-A6AF-E3C92B934D62}.Release|iPhoneSimulator.Build.0 = Release|iPhoneSimulator
		{83BFB549-2AF4-40AD-9ABD-16E27DE743B7}.Ad-Hoc|Any CPU.ActiveCfg = Debug|Any CPU
		{83BFB549-2AF4-40AD-9ABD-16E27DE743B7}.Ad-Hoc|Any CPU.Build.0 = Debug|Any CPU
		{83BFB549-2AF4-40AD-9ABD-16E27DE743B7}.Ad-Hoc|iPhone.ActiveCfg = Debug|Any CPU
		{83BFB549-2AF4-40AD-9ABD-16E27DE743B7}.Ad-Hoc|iPhone.Build.0 = Debug|Any CPU
		{83BFB549-2AF4-40AD-9ABD-16E27DE743B7}.Ad-Hoc|iPhoneSimulator.ActiveCfg = Debug|Any CPU
		{83BFB549-2AF4-40AD-9ABD-16E27DE743B7}.Ad-Hoc|iPhoneSimulator.Build.0 = Debug|Any CPU
		{83BFB549-2AF4-40AD-9ABD-16E27DE743B7}.AppStore|Any CPU.ActiveCfg = Debug|Any CPU
		{83BFB549-2AF4-40AD-9ABD-16E27DE743B7}.AppStore|Any CPU.Build.0 = Debug|Any CPU
		{83BFB549-2AF4-40AD-9ABD-16E27DE743B7}.AppStore|iPhone.ActiveCfg = Debug|Any CPU
		{83BFB549-2AF4-40AD-9ABD-16E27DE743B7}.AppStore|iPhone.Build.0 = Debug|Any CPU
		{83BFB549-2AF4-40AD-9ABD-16E27DE743B7}.AppStore|iPhoneSimulator.ActiveCfg = Debug|Any CPU
		{83BFB549-2AF4-40AD-9ABD-16E27DE743B7}.AppStore|iPhoneSimulator.Build.0 = Debug|Any CPU
		{83BFB549-2AF4-40AD-9ABD-16E27DE743B7}.Debug|Any CPU.ActiveCfg = Debug|Any CPU
		{83BFB549-2AF4-40AD-9ABD-16E27DE743B7}.Debug|Any CPU.Build.0 = Debug|Any CPU
		{83BFB549-2AF4-40AD-9ABD-16E27DE743B7}.Debug|iPhone.ActiveCfg = Debug|Any CPU
		{83BFB549-2AF4-40AD-9ABD-16E27DE743B7}.Debug|iPhone.Build.0 = Debug|Any CPU
		{83BFB549-2AF4-40AD-9ABD-16E27DE743B7}.Debug|iPhoneSimulator.ActiveCfg = Debug|Any CPU
		{83BFB549-2AF4-40AD-9ABD-16E27DE743B7}.Debug|iPhoneSimulator.Build.0 = Debug|Any CPU
		{83BFB549-2AF4-40AD-9ABD-16E27DE743B7}.Release|Any CPU.ActiveCfg = Release|Any CPU
		{83BFB549-2AF4-40AD-9ABD-16E27DE743B7}.Release|Any CPU.Build.0 = Release|Any CPU
		{83BFB549-2AF4-40AD-9ABD-16E27DE743B7}.Release|iPhone.ActiveCfg = Release|Any CPU
		{83BFB549-2AF4-40AD-9ABD-16E27DE743B7}.Release|iPhone.Build.0 = Release|Any CPU
		{83BFB549-2AF4-40AD-9ABD-16E27DE743B7}.Release|iPhoneSimulator.ActiveCfg = Release|Any CPU
		{83BFB549-2AF4-40AD-9ABD-16E27DE743B7}.Release|iPhoneSimulator.Build.0 = Release|Any CPU
	EndGlobalSection
	GlobalSection(SolutionProperties) = preSolution
		HideSolutionNode = FALSE
	EndGlobalSection
	GlobalSection(ExtensibilityGlobals) = postSolution
		SolutionGuid = {7F719696-14AC-40E8-994A-385706669BFE}
	EndGlobalSection
EndGlobal
